
Microsoft Visual Studio Solution File, Format Version 11.00
# Visual Studio 2010 Express for Windows Phone
Project("{FAE04EC0-301F-11D3-BF4B-00C04F79EFBC}") = "Maze", "Maze\Maze\Maze.csproj", "{4E4E4DE3-8867-45EB-8BE0-61D19CAA072C}"
EndProject
Project("{96E2B04D-8817-42C6-938A-82C39BA4D311}") = "MazeContent", "Maze\MazeContent\MazeContent.contentproj", "{8B5471EA-1FEE-4E54-A62E-9D860EB7EE50}"
EndProject
Global
	GlobalSection(SolutionConfigurationPlatforms) = preSolution
		Debug|x86 = Debug|x86
		Release|x86 = Release|x86
	EndGlobalSection
	GlobalSection(ProjectConfigurationPlatforms) = postSolution
		{4E4E4DE3-8867-45EB-8BE0-61D19CAA072C}.Debug|x86.ActiveCfg = Debug|x86
		{4E4E4DE3-8867-45EB-8BE0-61D19CAA072C}.Debug|x86.Build.0 = Debug|x86
		{4E4E4DE3-8867-45EB-8BE0-61D19CAA072C}.Release|x86.ActiveCfg = Release|x86
		{4E4E4DE3-8867-45EB-8BE0-61D19CAA072C}.Release|x86.Build.0 = Release|x86
		{8B5471EA-1FEE-4E54-A62E-9D860EB7EE50}.Debug|x86.ActiveCfg = Debug|x86
		{8B5471EA-1FEE-4E54-A62E-9D860EB7EE50}.Release|x86.ActiveCfg = Release|x86
	EndGlobalSection
	GlobalSection(SolutionProperties) = preSolution
		HideSolutionNode = FALSE
	EndGlobalSection
EndGlobal
